// !$*UTF8*$!
{
	archiveVersion = 1;
	classes = {
	};
	objectVersion = 51;
	objects = {

/* Begin PBXBuildFile section */
		0A3181BF06149C391BAFBB32 /* Pods_QuartoNanoChallengeTests.framework in Frameworks */ = {isa = PBXBuildFile; fileRef = E1FAE8066F3FBB720266D66C /* Pods_QuartoNanoChallengeTests.framework */; };
		39FB7BFABA261DDA9F705C50 /* Pods_QuartoNanoChallenge_QuartoNanoChallengeUITests.framework in Frameworks */ = {isa = PBXBuildFile; fileRef = A147157F643BB58E41157AB3 /* Pods_QuartoNanoChallenge_QuartoNanoChallengeUITests.framework */; };
		9EBC2A5FAA44158131BAA818 /* Pods_QuartoNanoChallenge.framework in Frameworks */ = {isa = PBXBuildFile; fileRef = E05BE829F655A340B98BB80D /* Pods_QuartoNanoChallenge.framework */; };
		D1407E15241667F9009AD490 /* Coins.swift in Sources */ = {isa = PBXBuildFile; fileRef = D1407E14241667F9009AD490 /* Coins.swift */; };
		D1407E1724166814009AD490 /* GameObject.swift in Sources */ = {isa = PBXBuildFile; fileRef = D1407E1624166814009AD490 /* GameObject.swift */; };
		D1407E192417B6D3009AD490 /* CamControl.swift in Sources */ = {isa = PBXBuildFile; fileRef = D1407E182417B6D3009AD490 /* CamControl.swift */; };
		D1472B66241A5529005FBB07 /* Water.swift in Sources */ = {isa = PBXBuildFile; fileRef = D1472B65241A5529005FBB07 /* Water.swift */; };
		D1472B68241A732C005FBB07 /* InitialScreen.storyboard in Resources */ = {isa = PBXBuildFile; fileRef = D1472B67241A732C005FBB07 /* InitialScreen.storyboard */; };
		D1472B6A241A733F005FBB07 /* GameOver.storyboard in Resources */ = {isa = PBXBuildFile; fileRef = D1472B69241A733F005FBB07 /* GameOver.storyboard */; };
		D1472B6C241A735E005FBB07 /* InitialScreenViewController.swift in Sources */ = {isa = PBXBuildFile; fileRef = D1472B6B241A735E005FBB07 /* InitialScreenViewController.swift */; };
		D1472B6E241A7369005FBB07 /* GameOverViewController.swift in Sources */ = {isa = PBXBuildFile; fileRef = D1472B6D241A7369005FBB07 /* GameOverViewController.swift */; };
		D18372EC24210C0700079634 /* Stack Up Box(3).wav in Resources */ = {isa = PBXBuildFile; fileRef = D18372DA24210C0500079634 /* Stack Up Box(3).wav */; };
		D18372ED24210C0700079634 /* Swipe.wav in Resources */ = {isa = PBXBuildFile; fileRef = D18372DB24210C0500079634 /* Swipe.wav */; };
		D18372EE24210C0700079634 /* Stack Up Box.wav in Resources */ = {isa = PBXBuildFile; fileRef = D18372DC24210C0500079634 /* Stack Up Box.wav */; };
		D18372EF24210C0700079634 /* Pig Oink(3).wav in Resources */ = {isa = PBXBuildFile; fileRef = D18372DD24210C0500079634 /* Pig Oink(3).wav */; };
		D18372F024210C0700079634 /* Stack Up Box(2).wav in Resources */ = {isa = PBXBuildFile; fileRef = D18372DE24210C0600079634 /* Stack Up Box(2).wav */; };
		D18372F124210C0700079634 /* Pig Colision Ice.wav in Resources */ = {isa = PBXBuildFile; fileRef = D18372DF24210C0600079634 /* Pig Colision Ice.wav */; };
		D18372F224210C0700079634 /* Pig Colision Dirt.wav in Resources */ = {isa = PBXBuildFile; fileRef = D18372E024210C0600079634 /* Pig Colision Dirt.wav */; };
		D18372F324210C0700079634 /* Water Splash(2).wav in Resources */ = {isa = PBXBuildFile; fileRef = D18372E124210C0600079634 /* Water Splash(2).wav */; };
		D18372F424210C0700079634 /* Water Splash.wav in Resources */ = {isa = PBXBuildFile; fileRef = D18372E224210C0600079634 /* Water Splash.wav */; };
		D18372F524210C0700079634 /* Water Splash(3).wav in Resources */ = {isa = PBXBuildFile; fileRef = D18372E324210C0600079634 /* Water Splash(3).wav */; };
		D18372F624210C0700079634 /* Pig Oink(2).wav in Resources */ = {isa = PBXBuildFile; fileRef = D18372E424210C0600079634 /* Pig Oink(2).wav */; };
		D18372F724210C0700079634 /* Box Colision Dirt.wav in Resources */ = {isa = PBXBuildFile; fileRef = D18372E524210C0600079634 /* Box Colision Dirt.wav */; };
		D18372F824210C0700079634 /* Swipe(3).wav in Resources */ = {isa = PBXBuildFile; fileRef = D18372E624210C0600079634 /* Swipe(3).wav */; };
		D18372F924210C0700079634 /* Pig Oink.wav in Resources */ = {isa = PBXBuildFile; fileRef = D18372E724210C0600079634 /* Pig Oink.wav */; };
		D18372FA24210C0700079634 /* Box Colision Ice.wav in Resources */ = {isa = PBXBuildFile; fileRef = D18372E824210C0700079634 /* Box Colision Ice.wav */; };
		D18372FB24210C0700079634 /* Swipe(2).wav in Resources */ = {isa = PBXBuildFile; fileRef = D18372E924210C0700079634 /* Swipe(2).wav */; };
		D18372FC24210C0700079634 /* Pig Colision Rock.wav in Resources */ = {isa = PBXBuildFile; fileRef = D18372EA24210C0700079634 /* Pig Colision Rock.wav */; };
		D18372FD24210C0700079634 /* Box Colision Rock.wav in Resources */ = {isa = PBXBuildFile; fileRef = D18372EB24210C0700079634 /* Box Colision Rock.wav */; };
		D1B2841A241BC95D00EAFF05 /* CustomSound.swift in Sources */ = {isa = PBXBuildFile; fileRef = D1B28419241BC95D00EAFF05 /* CustomSound.swift */; };
		D1CABB3924111F2E004A28A5 /* AppDelegate.swift in Sources */ = {isa = PBXBuildFile; fileRef = D1CABB3824111F2E004A28A5 /* AppDelegate.swift */; };
		D1CABB3B24111F2E004A28A5 /* GameScene.sks in Resources */ = {isa = PBXBuildFile; fileRef = D1CABB3A24111F2E004A28A5 /* GameScene.sks */; };
		D1CABB3F24111F2E004A28A5 /* GameScene.swift in Sources */ = {isa = PBXBuildFile; fileRef = D1CABB3E24111F2E004A28A5 /* GameScene.swift */; };
		D1CABB4124111F2E004A28A5 /* GameViewController.swift in Sources */ = {isa = PBXBuildFile; fileRef = D1CABB4024111F2E004A28A5 /* GameViewController.swift */; };
		D1CABB4424111F2E004A28A5 /* Main.storyboard in Resources */ = {isa = PBXBuildFile; fileRef = D1CABB4224111F2E004A28A5 /* Main.storyboard */; };
		D1CABB4624111F32004A28A5 /* Assets.xcassets in Resources */ = {isa = PBXBuildFile; fileRef = D1CABB4524111F32004A28A5 /* Assets.xcassets */; };
		D1CABB4924111F32004A28A5 /* LaunchScreen.storyboard in Resources */ = {isa = PBXBuildFile; fileRef = D1CABB4724111F32004A28A5 /* LaunchScreen.storyboard */; };
		D1CABB5424111F32004A28A5 /* QuartoNanoChallengeTests.swift in Sources */ = {isa = PBXBuildFile; fileRef = D1CABB5324111F32004A28A5 /* QuartoNanoChallengeTests.swift */; };
		D1CABB5F24111F32004A28A5 /* QuartoNanoChallengeUITests.swift in Sources */ = {isa = PBXBuildFile; fileRef = D1CABB5E24111F32004A28A5 /* QuartoNanoChallengeUITests.swift */; };
		D1CABB7024112004004A28A5 /* Model.swift in Sources */ = {isa = PBXBuildFile; fileRef = D1CABB6F24112004004A28A5 /* Model.swift */; };
		D1CABB72241120C3004A28A5 /* BodyMasks.swift in Sources */ = {isa = PBXBuildFile; fileRef = D1CABB71241120C3004A28A5 /* BodyMasks.swift */; };
		D1CABB762411233F004A28A5 /* Box.swift in Sources */ = {isa = PBXBuildFile; fileRef = D1CABB752411233F004A28A5 /* Box.swift */; };
		D1CABB782411243A004A28A5 /* Floor.swift in Sources */ = {isa = PBXBuildFile; fileRef = D1CABB772411243A004A28A5 /* Floor.swift */; };
		D1CABB7C241125F9004A28A5 /* SpawningFloors.swift in Sources */ = {isa = PBXBuildFile; fileRef = D1CABB7B241125F9004A28A5 /* SpawningFloors.swift */; };
		FB8041D024217C400034B83B /* BalooBhaina-Regular.ttf in Resources */ = {isa = PBXBuildFile; fileRef = FB8041CF24217C3F0034B83B /* BalooBhaina-Regular.ttf */; };
		FB8041D124217C400034B83B /* BalooBhaina-Regular.ttf in Resources */ = {isa = PBXBuildFile; fileRef = FB8041CF24217C3F0034B83B /* BalooBhaina-Regular.ttf */; };
		FB8041D224217C400034B83B /* BalooBhaina-Regular.ttf in Resources */ = {isa = PBXBuildFile; fileRef = FB8041CF24217C3F0034B83B /* BalooBhaina-Regular.ttf */; };
		FBACE77C2421A52E0007B24B /* GoogleService-Info.plist in Resources */ = {isa = PBXBuildFile; fileRef = FB8041D7242184DD0034B83B /* GoogleService-Info.plist */; };
		FBACE77D2421A52F0007B24B /* GoogleService-Info.plist in Resources */ = {isa = PBXBuildFile; fileRef = FB8041D7242184DD0034B83B /* GoogleService-Info.plist */; };
		FBACE77E2421A52F0007B24B /* GoogleService-Info.plist in Resources */ = {isa = PBXBuildFile; fileRef = FB8041D7242184DD0034B83B /* GoogleService-Info.plist */; };
		FBACE7802421B91C0007B24B /* GameKit.framework in Frameworks */ = {isa = PBXBuildFile; fileRef = FBACE77F2421B91C0007B24B /* GameKit.framework */; };
		FBACE7822421C2780007B24B /* GameCenterManager.swift in Sources */ = {isa = PBXBuildFile; fileRef = FBACE7812421C2780007B24B /* GameCenterManager.swift */; };
/* End PBXBuildFile section */

/* Begin PBXContainerItemProxy section */
		D1CABB5024111F32004A28A5 /* PBXContainerItemProxy */ = {
			isa = PBXContainerItemProxy;
			containerPortal = D1CABB2D24111F2E004A28A5 /* Project object */;
			proxyType = 1;
			remoteGlobalIDString = D1CABB3424111F2E004A28A5;
			remoteInfo = QuartoNanoChallenge;
		};
		D1CABB5B24111F32004A28A5 /* PBXContainerItemProxy */ = {
			isa = PBXContainerItemProxy;
			containerPortal = D1CABB2D24111F2E004A28A5 /* Project object */;
			proxyType = 1;
			remoteGlobalIDString = D1CABB3424111F2E004A28A5;
			remoteInfo = QuartoNanoChallenge;
		};
/* End PBXContainerItemProxy section */

/* Begin PBXFileReference section */
		01613BB24938E4421A548D5E /* Pods-QuartoNanoChallengeTests.debug.xcconfig */ = {isa = PBXFileReference; includeInIndex = 1; lastKnownFileType = text.xcconfig; name = "Pods-QuartoNanoChallengeTests.debug.xcconfig"; path = "Target Support Files/Pods-QuartoNanoChallengeTests/Pods-QuartoNanoChallengeTests.debug.xcconfig"; sourceTree = "<group>"; };
		0D764DDF7102CF5D83F493E0 /* Pods-QuartoNanoChallenge-QuartoNanoChallengeUITests.debug.xcconfig */ = {isa = PBXFileReference; includeInIndex = 1; lastKnownFileType = text.xcconfig; name = "Pods-QuartoNanoChallenge-QuartoNanoChallengeUITests.debug.xcconfig"; path = "Target Support Files/Pods-QuartoNanoChallenge-QuartoNanoChallengeUITests/Pods-QuartoNanoChallenge-QuartoNanoChallengeUITests.debug.xcconfig"; sourceTree = "<group>"; };
		16CA36B93D1C517DD9DFA28F /* Pods-QuartoNanoChallengeTests.release.xcconfig */ = {isa = PBXFileReference; includeInIndex = 1; lastKnownFileType = text.xcconfig; name = "Pods-QuartoNanoChallengeTests.release.xcconfig"; path = "Target Support Files/Pods-QuartoNanoChallengeTests/Pods-QuartoNanoChallengeTests.release.xcconfig"; sourceTree = "<group>"; };
		7189858464AB8F5AA11C6D7B /* Pods-QuartoNanoChallenge-QuartoNanoChallengeUITests.release.xcconfig */ = {isa = PBXFileReference; includeInIndex = 1; lastKnownFileType = text.xcconfig; name = "Pods-QuartoNanoChallenge-QuartoNanoChallengeUITests.release.xcconfig"; path = "Target Support Files/Pods-QuartoNanoChallenge-QuartoNanoChallengeUITests/Pods-QuartoNanoChallenge-QuartoNanoChallengeUITests.release.xcconfig"; sourceTree = "<group>"; };
		A147157F643BB58E41157AB3 /* Pods_QuartoNanoChallenge_QuartoNanoChallengeUITests.framework */ = {isa = PBXFileReference; explicitFileType = wrapper.framework; includeInIndex = 0; path = Pods_QuartoNanoChallenge_QuartoNanoChallengeUITests.framework; sourceTree = BUILT_PRODUCTS_DIR; };
		D1407E14241667F9009AD490 /* Coins.swift */ = {isa = PBXFileReference; lastKnownFileType = sourcecode.swift; path = Coins.swift; sourceTree = "<group>"; };
		D1407E1624166814009AD490 /* GameObject.swift */ = {isa = PBXFileReference; lastKnownFileType = sourcecode.swift; path = GameObject.swift; sourceTree = "<group>"; };
		D1407E182417B6D3009AD490 /* CamControl.swift */ = {isa = PBXFileReference; lastKnownFileType = sourcecode.swift; path = CamControl.swift; sourceTree = "<group>"; };
		D1472B65241A5529005FBB07 /* Water.swift */ = {isa = PBXFileReference; lastKnownFileType = sourcecode.swift; path = Water.swift; sourceTree = "<group>"; };
		D1472B67241A732C005FBB07 /* InitialScreen.storyboard */ = {isa = PBXFileReference; lastKnownFileType = file.storyboard; path = InitialScreen.storyboard; sourceTree = "<group>"; };
		D1472B69241A733F005FBB07 /* GameOver.storyboard */ = {isa = PBXFileReference; lastKnownFileType = file.storyboard; path = GameOver.storyboard; sourceTree = "<group>"; };
		D1472B6B241A735E005FBB07 /* InitialScreenViewController.swift */ = {isa = PBXFileReference; lastKnownFileType = sourcecode.swift; path = InitialScreenViewController.swift; sourceTree = "<group>"; };
		D1472B6D241A7369005FBB07 /* GameOverViewController.swift */ = {isa = PBXFileReference; lastKnownFileType = sourcecode.swift; path = GameOverViewController.swift; sourceTree = "<group>"; };
		D18372DA24210C0500079634 /* Stack Up Box(3).wav */ = {isa = PBXFileReference; lastKnownFileType = audio.wav; path = "Stack Up Box(3).wav"; sourceTree = "<group>"; };
		D18372DB24210C0500079634 /* Swipe.wav */ = {isa = PBXFileReference; lastKnownFileType = audio.wav; path = Swipe.wav; sourceTree = "<group>"; };
		D18372DC24210C0500079634 /* Stack Up Box.wav */ = {isa = PBXFileReference; lastKnownFileType = audio.wav; path = "Stack Up Box.wav"; sourceTree = "<group>"; };
		D18372DD24210C0500079634 /* Pig Oink(3).wav */ = {isa = PBXFileReference; lastKnownFileType = audio.wav; path = "Pig Oink(3).wav"; sourceTree = "<group>"; };
		D18372DE24210C0600079634 /* Stack Up Box(2).wav */ = {isa = PBXFileReference; lastKnownFileType = audio.wav; path = "Stack Up Box(2).wav"; sourceTree = "<group>"; };
		D18372DF24210C0600079634 /* Pig Colision Ice.wav */ = {isa = PBXFileReference; lastKnownFileType = audio.wav; path = "Pig Colision Ice.wav"; sourceTree = "<group>"; };
		D18372E024210C0600079634 /* Pig Colision Dirt.wav */ = {isa = PBXFileReference; lastKnownFileType = audio.wav; path = "Pig Colision Dirt.wav"; sourceTree = "<group>"; };
		D18372E124210C0600079634 /* Water Splash(2).wav */ = {isa = PBXFileReference; lastKnownFileType = audio.wav; path = "Water Splash(2).wav"; sourceTree = "<group>"; };
		D18372E224210C0600079634 /* Water Splash.wav */ = {isa = PBXFileReference; lastKnownFileType = audio.wav; path = "Water Splash.wav"; sourceTree = "<group>"; };
		D18372E324210C0600079634 /* Water Splash(3).wav */ = {isa = PBXFileReference; lastKnownFileType = audio.wav; path = "Water Splash(3).wav"; sourceTree = "<group>"; };
		D18372E424210C0600079634 /* Pig Oink(2).wav */ = {isa = PBXFileReference; lastKnownFileType = audio.wav; path = "Pig Oink(2).wav"; sourceTree = "<group>"; };
		D18372E524210C0600079634 /* Box Colision Dirt.wav */ = {isa = PBXFileReference; lastKnownFileType = audio.wav; path = "Box Colision Dirt.wav"; sourceTree = "<group>"; };
		D18372E624210C0600079634 /* Swipe(3).wav */ = {isa = PBXFileReference; lastKnownFileType = audio.wav; path = "Swipe(3).wav"; sourceTree = "<group>"; };
		D18372E724210C0600079634 /* Pig Oink.wav */ = {isa = PBXFileReference; lastKnownFileType = audio.wav; path = "Pig Oink.wav"; sourceTree = "<group>"; };
		D18372E824210C0700079634 /* Box Colision Ice.wav */ = {isa = PBXFileReference; lastKnownFileType = audio.wav; path = "Box Colision Ice.wav"; sourceTree = "<group>"; };
		D18372E924210C0700079634 /* Swipe(2).wav */ = {isa = PBXFileReference; lastKnownFileType = audio.wav; path = "Swipe(2).wav"; sourceTree = "<group>"; };
		D18372EA24210C0700079634 /* Pig Colision Rock.wav */ = {isa = PBXFileReference; lastKnownFileType = audio.wav; path = "Pig Colision Rock.wav"; sourceTree = "<group>"; };
		D18372EB24210C0700079634 /* Box Colision Rock.wav */ = {isa = PBXFileReference; lastKnownFileType = audio.wav; path = "Box Colision Rock.wav"; sourceTree = "<group>"; };
		D1B28419241BC95D00EAFF05 /* CustomSound.swift */ = {isa = PBXFileReference; lastKnownFileType = sourcecode.swift; path = CustomSound.swift; sourceTree = "<group>"; };
		D1CABB3524111F2E004A28A5 /* Topple Towers.app */ = {isa = PBXFileReference; explicitFileType = wrapper.application; includeInIndex = 0; path = "Topple Towers.app"; sourceTree = BUILT_PRODUCTS_DIR; };
		D1CABB3824111F2E004A28A5 /* AppDelegate.swift */ = {isa = PBXFileReference; lastKnownFileType = sourcecode.swift; path = AppDelegate.swift; sourceTree = "<group>"; };
		D1CABB3A24111F2E004A28A5 /* GameScene.sks */ = {isa = PBXFileReference; lastKnownFileType = file.sks; path = GameScene.sks; sourceTree = "<group>"; };
		D1CABB3E24111F2E004A28A5 /* GameScene.swift */ = {isa = PBXFileReference; lastKnownFileType = sourcecode.swift; path = GameScene.swift; sourceTree = "<group>"; };
		D1CABB4024111F2E004A28A5 /* GameViewController.swift */ = {isa = PBXFileReference; lastKnownFileType = sourcecode.swift; path = GameViewController.swift; sourceTree = "<group>"; };
		D1CABB4324111F2E004A28A5 /* Base */ = {isa = PBXFileReference; lastKnownFileType = file.storyboard; name = Base; path = Base.lproj/Main.storyboard; sourceTree = "<group>"; };
		D1CABB4524111F32004A28A5 /* Assets.xcassets */ = {isa = PBXFileReference; lastKnownFileType = folder.assetcatalog; path = Assets.xcassets; sourceTree = "<group>"; };
		D1CABB4824111F32004A28A5 /* Base */ = {isa = PBXFileReference; lastKnownFileType = file.storyboard; name = Base; path = Base.lproj/LaunchScreen.storyboard; sourceTree = "<group>"; };
		D1CABB4A24111F32004A28A5 /* Info.plist */ = {isa = PBXFileReference; lastKnownFileType = text.plist.xml; path = Info.plist; sourceTree = "<group>"; };
		D1CABB4F24111F32004A28A5 /* QuartoNanoChallengeTests.xctest */ = {isa = PBXFileReference; explicitFileType = wrapper.cfbundle; includeInIndex = 0; path = QuartoNanoChallengeTests.xctest; sourceTree = BUILT_PRODUCTS_DIR; };
		D1CABB5324111F32004A28A5 /* QuartoNanoChallengeTests.swift */ = {isa = PBXFileReference; lastKnownFileType = sourcecode.swift; path = QuartoNanoChallengeTests.swift; sourceTree = "<group>"; };
		D1CABB5524111F32004A28A5 /* Info.plist */ = {isa = PBXFileReference; lastKnownFileType = text.plist.xml; path = Info.plist; sourceTree = "<group>"; };
		D1CABB5A24111F32004A28A5 /* QuartoNanoChallengeUITests.xctest */ = {isa = PBXFileReference; explicitFileType = wrapper.cfbundle; includeInIndex = 0; path = QuartoNanoChallengeUITests.xctest; sourceTree = BUILT_PRODUCTS_DIR; };
		D1CABB5E24111F32004A28A5 /* QuartoNanoChallengeUITests.swift */ = {isa = PBXFileReference; lastKnownFileType = sourcecode.swift; path = QuartoNanoChallengeUITests.swift; sourceTree = "<group>"; };
		D1CABB6024111F32004A28A5 /* Info.plist */ = {isa = PBXFileReference; lastKnownFileType = text.plist.xml; path = Info.plist; sourceTree = "<group>"; };
		D1CABB6F24112004004A28A5 /* Model.swift */ = {isa = PBXFileReference; lastKnownFileType = sourcecode.swift; path = Model.swift; sourceTree = "<group>"; };
		D1CABB71241120C3004A28A5 /* BodyMasks.swift */ = {isa = PBXFileReference; lastKnownFileType = sourcecode.swift; path = BodyMasks.swift; sourceTree = "<group>"; };
		D1CABB752411233F004A28A5 /* Box.swift */ = {isa = PBXFileReference; lastKnownFileType = sourcecode.swift; path = Box.swift; sourceTree = "<group>"; };
		D1CABB772411243A004A28A5 /* Floor.swift */ = {isa = PBXFileReference; lastKnownFileType = sourcecode.swift; path = Floor.swift; sourceTree = "<group>"; };
		D1CABB7B241125F9004A28A5 /* SpawningFloors.swift */ = {isa = PBXFileReference; lastKnownFileType = sourcecode.swift; path = SpawningFloors.swift; sourceTree = "<group>"; };
		E05BE829F655A340B98BB80D /* Pods_QuartoNanoChallenge.framework */ = {isa = PBXFileReference; explicitFileType = wrapper.framework; includeInIndex = 0; path = Pods_QuartoNanoChallenge.framework; sourceTree = BUILT_PRODUCTS_DIR; };
		E1FAE8066F3FBB720266D66C /* Pods_QuartoNanoChallengeTests.framework */ = {isa = PBXFileReference; explicitFileType = wrapper.framework; includeInIndex = 0; path = Pods_QuartoNanoChallengeTests.framework; sourceTree = BUILT_PRODUCTS_DIR; };
		F2375ECD9F5D3F9A57184AA4 /* Pods-QuartoNanoChallenge.release.xcconfig */ = {isa = PBXFileReference; includeInIndex = 1; lastKnownFileType = text.xcconfig; name = "Pods-QuartoNanoChallenge.release.xcconfig"; path = "Target Support Files/Pods-QuartoNanoChallenge/Pods-QuartoNanoChallenge.release.xcconfig"; sourceTree = "<group>"; };
		F3B91D639A23CA3F31C617BC /* Pods-QuartoNanoChallenge.debug.xcconfig */ = {isa = PBXFileReference; includeInIndex = 1; lastKnownFileType = text.xcconfig; name = "Pods-QuartoNanoChallenge.debug.xcconfig"; path = "Target Support Files/Pods-QuartoNanoChallenge/Pods-QuartoNanoChallenge.debug.xcconfig"; sourceTree = "<group>"; };
		FB8041CF24217C3F0034B83B /* BalooBhaina-Regular.ttf */ = {isa = PBXFileReference; lastKnownFileType = file; path = "BalooBhaina-Regular.ttf"; sourceTree = "<group>"; };
		FB8041D7242184DD0034B83B /* GoogleService-Info.plist */ = {isa = PBXFileReference; lastKnownFileType = text.plist.xml; path = "GoogleService-Info.plist"; sourceTree = "<group>"; };
		FBACE77F2421B91C0007B24B /* GameKit.framework */ = {isa = PBXFileReference; lastKnownFileType = wrapper.framework; name = GameKit.framework; path = System/Library/Frameworks/GameKit.framework; sourceTree = SDKROOT; };
		FBACE7812421C2780007B24B /* GameCenterManager.swift */ = {isa = PBXFileReference; lastKnownFileType = sourcecode.swift; path = GameCenterManager.swift; sourceTree = "<group>"; };
		FBAEEEDF242174B9000F15B8 /* BalooBhaina-Regular.ttf */ = {isa = PBXFileReference; lastKnownFileType = file; path = "BalooBhaina-Regular.ttf"; sourceTree = "<group>"; };
/* End PBXFileReference section */

/* Begin PBXFrameworksBuildPhase section */
		D1CABB3224111F2E004A28A5 /* Frameworks */ = {
			isa = PBXFrameworksBuildPhase;
			buildActionMask = 2147483647;
			files = (
				9EBC2A5FAA44158131BAA818 /* Pods_QuartoNanoChallenge.framework in Frameworks */,
				FBACE7802421B91C0007B24B /* GameKit.framework in Frameworks */,
			);
			runOnlyForDeploymentPostprocessing = 0;
		};
		D1CABB4C24111F32004A28A5 /* Frameworks */ = {
			isa = PBXFrameworksBuildPhase;
			buildActionMask = 2147483647;
			files = (
				0A3181BF06149C391BAFBB32 /* Pods_QuartoNanoChallengeTests.framework in Frameworks */,
			);
			runOnlyForDeploymentPostprocessing = 0;
		};
		D1CABB5724111F32004A28A5 /* Frameworks */ = {
			isa = PBXFrameworksBuildPhase;
			buildActionMask = 2147483647;
			files = (
				39FB7BFABA261DDA9F705C50 /* Pods_QuartoNanoChallenge_QuartoNanoChallengeUITests.framework in Frameworks */,
			);
			runOnlyForDeploymentPostprocessing = 0;
		};
/* End PBXFrameworksBuildPhase section */

/* Begin PBXGroup section */
		6C67608B45B27C5C10B36782 /* Pods */ = {
			isa = PBXGroup;
			children = (
				F3B91D639A23CA3F31C617BC /* Pods-QuartoNanoChallenge.debug.xcconfig */,
				F2375ECD9F5D3F9A57184AA4 /* Pods-QuartoNanoChallenge.release.xcconfig */,
				0D764DDF7102CF5D83F493E0 /* Pods-QuartoNanoChallenge-QuartoNanoChallengeUITests.debug.xcconfig */,
				7189858464AB8F5AA11C6D7B /* Pods-QuartoNanoChallenge-QuartoNanoChallengeUITests.release.xcconfig */,
				01613BB24938E4421A548D5E /* Pods-QuartoNanoChallengeTests.debug.xcconfig */,
				16CA36B93D1C517DD9DFA28F /* Pods-QuartoNanoChallengeTests.release.xcconfig */,
			);
			path = Pods;
			sourceTree = "<group>";
		};
		C716A9F75F685E0E21D326F2 /* Frameworks */ = {
			isa = PBXGroup;
			children = (
				FBACE77F2421B91C0007B24B /* GameKit.framework */,
				E05BE829F655A340B98BB80D /* Pods_QuartoNanoChallenge.framework */,
				A147157F643BB58E41157AB3 /* Pods_QuartoNanoChallenge_QuartoNanoChallengeUITests.framework */,
				E1FAE8066F3FBB720266D66C /* Pods_QuartoNanoChallengeTests.framework */,
			);
			name = Frameworks;
			sourceTree = "<group>";
		};
		D1B28417241BC8ED00EAFF05 /* Sounds */ = {
			isa = PBXGroup;
			children = (
				D18372E524210C0600079634 /* Box Colision Dirt.wav */,
				D18372EB24210C0700079634 /* Box Colision Rock.wav */,
				D18372E824210C0700079634 /* Box Colision Ice.wav */,
				D18372E024210C0600079634 /* Pig Colision Dirt.wav */,
				D18372EA24210C0700079634 /* Pig Colision Rock.wav */,
				D18372DF24210C0600079634 /* Pig Colision Ice.wav */,
				D18372E724210C0600079634 /* Pig Oink.wav */,
				D18372E424210C0600079634 /* Pig Oink(2).wav */,
				D18372DD24210C0500079634 /* Pig Oink(3).wav */,
				D18372DC24210C0500079634 /* Stack Up Box.wav */,
				D18372DE24210C0600079634 /* Stack Up Box(2).wav */,
				D18372DA24210C0500079634 /* Stack Up Box(3).wav */,
				D18372DB24210C0500079634 /* Swipe.wav */,
				D18372E924210C0700079634 /* Swipe(2).wav */,
				D18372E624210C0600079634 /* Swipe(3).wav */,
				D18372E224210C0600079634 /* Water Splash.wav */,
				D18372E124210C0600079634 /* Water Splash(2).wav */,
				D18372E324210C0600079634 /* Water Splash(3).wav */,
			);
			path = Sounds;
			sourceTree = "<group>";
		};
		D1B28418241BC92800EAFF05 /* SoundControll */ = {
			isa = PBXGroup;
			children = (
				D1B28419241BC95D00EAFF05 /* CustomSound.swift */,
			);
			path = SoundControll;
			sourceTree = "<group>";
		};
		D1CABB2C24111F2E004A28A5 = {
			isa = PBXGroup;
			children = (
				D1CABB3724111F2E004A28A5 /* QuartoNanoChallenge */,
				D1CABB5224111F32004A28A5 /* QuartoNanoChallengeTests */,
				D1CABB5D24111F32004A28A5 /* QuartoNanoChallengeUITests */,
				D1CABB3624111F2E004A28A5 /* Products */,
				FBAEEEDE242174B4000F15B8 /* Fonts */,
				6C67608B45B27C5C10B36782 /* Pods */,
				C716A9F75F685E0E21D326F2 /* Frameworks */,
			);
			sourceTree = "<group>";
		};
		D1CABB3624111F2E004A28A5 /* Products */ = {
			isa = PBXGroup;
			children = (
				D1CABB3524111F2E004A28A5 /* Topple Towers.app */,
				D1CABB4F24111F32004A28A5 /* QuartoNanoChallengeTests.xctest */,
				D1CABB5A24111F32004A28A5 /* QuartoNanoChallengeUITests.xctest */,
			);
			name = Products;
			sourceTree = "<group>";
		};
		D1CABB3724111F2E004A28A5 /* QuartoNanoChallenge */ = {
			isa = PBXGroup;
			children = (
				FB8041D7242184DD0034B83B /* GoogleService-Info.plist */,
				D1CABB6E24111FB9004A28A5 /* Model */,
				D1CABB6D24111FB3004A28A5 /* View */,
				D1CABB6C24111F9D004A28A5 /* Controller */,
				D1CABB3824111F2E004A28A5 /* AppDelegate.swift */,
				D1CABB4724111F32004A28A5 /* LaunchScreen.storyboard */,
				D1CABB4A24111F32004A28A5 /* Info.plist */,
				FBACE7812421C2780007B24B /* GameCenterManager.swift */,
			);
			path = QuartoNanoChallenge;
			sourceTree = "<group>";
		};
		D1CABB5224111F32004A28A5 /* QuartoNanoChallengeTests */ = {
			isa = PBXGroup;
			children = (
				D1CABB5324111F32004A28A5 /* QuartoNanoChallengeTests.swift */,
				D1CABB5524111F32004A28A5 /* Info.plist */,
			);
			path = QuartoNanoChallengeTests;
			sourceTree = "<group>";
		};
		D1CABB5D24111F32004A28A5 /* QuartoNanoChallengeUITests */ = {
			isa = PBXGroup;
			children = (
				D1CABB5E24111F32004A28A5 /* QuartoNanoChallengeUITests.swift */,
				D1CABB6024111F32004A28A5 /* Info.plist */,
			);
			path = QuartoNanoChallengeUITests;
			sourceTree = "<group>";
		};
		D1CABB6C24111F9D004A28A5 /* Controller */ = {
			isa = PBXGroup;
			children = (
				D1CABB4024111F2E004A28A5 /* GameViewController.swift */,
				D1472B6B241A735E005FBB07 /* InitialScreenViewController.swift */,
				D1472B6D241A7369005FBB07 /* GameOverViewController.swift */,
			);
			path = Controller;
			sourceTree = "<group>";
		};
		D1CABB6D24111FB3004A28A5 /* View */ = {
			isa = PBXGroup;
			children = (
				D1B28417241BC8ED00EAFF05 /* Sounds */,
				D1CABB4524111F32004A28A5 /* Assets.xcassets */,
				D1CABB3A24111F2E004A28A5 /* GameScene.sks */,
				D1CABB4224111F2E004A28A5 /* Main.storyboard */,
				D1472B67241A732C005FBB07 /* InitialScreen.storyboard */,
				D1472B69241A733F005FBB07 /* GameOver.storyboard */,
			);
			path = View;
			sourceTree = "<group>";
		};
		D1CABB6E24111FB9004A28A5 /* Model */ = {
			isa = PBXGroup;
			children = (
				D1CABB6F24112004004A28A5 /* Model.swift */,
				D1CABB71241120C3004A28A5 /* BodyMasks.swift */,
				D1407E1624166814009AD490 /* GameObject.swift */,
				D1CABB3E24111F2E004A28A5 /* GameScene.swift */,
				D1407E182417B6D3009AD490 /* CamControl.swift */,
				D1B28418241BC92800EAFF05 /* SoundControll */,
				D1CABB7A241125D7004A28A5 /* Spawners */,
				D1CABB7924112579004A28A5 /* GameObjects */,
			);
			path = Model;
			sourceTree = "<group>";
		};
		D1CABB7924112579004A28A5 /* GameObjects */ = {
			isa = PBXGroup;
			children = (
				D1CABB752411233F004A28A5 /* Box.swift */,
				D1CABB772411243A004A28A5 /* Floor.swift */,
				D1407E14241667F9009AD490 /* Coins.swift */,
				D1472B65241A5529005FBB07 /* Water.swift */,
			);
			path = GameObjects;
			sourceTree = "<group>";
		};
		D1CABB7A241125D7004A28A5 /* Spawners */ = {
			isa = PBXGroup;
			children = (
				D1CABB7B241125F9004A28A5 /* SpawningFloors.swift */,
			);
			path = Spawners;
			sourceTree = "<group>";
		};
		FBAEEEDE242174B4000F15B8 /* Fonts */ = {
			isa = PBXGroup;
			children = (
				FB8041CF24217C3F0034B83B /* BalooBhaina-Regular.ttf */,
				FBAEEEDF242174B9000F15B8 /* BalooBhaina-Regular.ttf */,
			);
			name = Fonts;
			sourceTree = "<group>";
		};
/* End PBXGroup section */

/* Begin PBXNativeTarget section */
		D1CABB3424111F2E004A28A5 /* QuartoNanoChallenge */ = {
			isa = PBXNativeTarget;
			buildConfigurationList = D1CABB6324111F32004A28A5 /* Build configuration list for PBXNativeTarget "QuartoNanoChallenge" */;
			buildPhases = (
				ACD2B20B04D3F4FEC75F5BA4 /* [CP] Check Pods Manifest.lock */,
				D1CABB3124111F2E004A28A5 /* Sources */,
				D1CABB3224111F2E004A28A5 /* Frameworks */,
				D1CABB3324111F2E004A28A5 /* Resources */,
				26B0FBC9AB310DF2E5F5E525 /* [CP] Embed Pods Frameworks */,
			);
			buildRules = (
			);
			dependencies = (
			);
			name = QuartoNanoChallenge;
			productName = QuartoNanoChallenge;
			productReference = D1CABB3524111F2E004A28A5 /* Topple Towers.app */;
			productType = "com.apple.product-type.application";
		};
		D1CABB4E24111F32004A28A5 /* QuartoNanoChallengeTests */ = {
			isa = PBXNativeTarget;
			buildConfigurationList = D1CABB6624111F32004A28A5 /* Build configuration list for PBXNativeTarget "QuartoNanoChallengeTests" */;
			buildPhases = (
				0E54333826807EA304F12A68 /* [CP] Check Pods Manifest.lock */,
				D1CABB4B24111F32004A28A5 /* Sources */,
				D1CABB4C24111F32004A28A5 /* Frameworks */,
				D1CABB4D24111F32004A28A5 /* Resources */,
			);
			buildRules = (
			);
			dependencies = (
				D1CABB5124111F32004A28A5 /* PBXTargetDependency */,
			);
			name = QuartoNanoChallengeTests;
			productName = QuartoNanoChallengeTests;
			productReference = D1CABB4F24111F32004A28A5 /* QuartoNanoChallengeTests.xctest */;
			productType = "com.apple.product-type.bundle.unit-test";
		};
		D1CABB5924111F32004A28A5 /* QuartoNanoChallengeUITests */ = {
			isa = PBXNativeTarget;
			buildConfigurationList = D1CABB6924111F32004A28A5 /* Build configuration list for PBXNativeTarget "QuartoNanoChallengeUITests" */;
			buildPhases = (
				56ADF2CFFFEB1035914F83F9 /* [CP] Check Pods Manifest.lock */,
				D1CABB5624111F32004A28A5 /* Sources */,
				D1CABB5724111F32004A28A5 /* Frameworks */,
				D1CABB5824111F32004A28A5 /* Resources */,
				59DE6965513B7FBAAA423BE8 /* [CP] Embed Pods Frameworks */,
			);
			buildRules = (
			);
			dependencies = (
				D1CABB5C24111F32004A28A5 /* PBXTargetDependency */,
			);
			name = QuartoNanoChallengeUITests;
			productName = QuartoNanoChallengeUITests;
			productReference = D1CABB5A24111F32004A28A5 /* QuartoNanoChallengeUITests.xctest */;
			productType = "com.apple.product-type.bundle.ui-testing";
		};
/* End PBXNativeTarget section */

/* Begin PBXProject section */
		D1CABB2D24111F2E004A28A5 /* Project object */ = {
			isa = PBXProject;
			attributes = {
				LastSwiftUpdateCheck = 1130;
				LastUpgradeCheck = 1130;
				ORGANIZATIONNAME = "Carlos Modinez";
				TargetAttributes = {
					D1CABB3424111F2E004A28A5 = {
						CreatedOnToolsVersion = 11.3.1;
					};
					D1CABB4E24111F32004A28A5 = {
						CreatedOnToolsVersion = 11.3.1;
						TestTargetID = D1CABB3424111F2E004A28A5;
					};
					D1CABB5924111F32004A28A5 = {
						CreatedOnToolsVersion = 11.3.1;
						TestTargetID = D1CABB3424111F2E004A28A5;
					};
				};
			};
			buildConfigurationList = D1CABB3024111F2E004A28A5 /* Build configuration list for PBXProject "QuartoNanoChallenge" */;
			compatibilityVersion = "Xcode 9.3";
			developmentRegion = en;
			hasScannedForEncodings = 0;
			knownRegions = (
				en,
				Base,
			);
			mainGroup = D1CABB2C24111F2E004A28A5;
			productRefGroup = D1CABB3624111F2E004A28A5 /* Products */;
			projectDirPath = "";
			projectRoot = "";
			targets = (
				D1CABB3424111F2E004A28A5 /* QuartoNanoChallenge */,
				D1CABB4E24111F32004A28A5 /* QuartoNanoChallengeTests */,
				D1CABB5924111F32004A28A5 /* QuartoNanoChallengeUITests */,
			);
		};
/* End PBXProject section */

/* Begin PBXResourcesBuildPhase section */
		D1CABB3324111F2E004A28A5 /* Resources */ = {
			isa = PBXResourcesBuildPhase;
			buildActionMask = 2147483647;
			files = (
				D1472B6A241A733F005FBB07 /* GameOver.storyboard in Resources */,
				D18372F524210C0700079634 /* Water Splash(3).wav in Resources */,
				D18372F124210C0700079634 /* Pig Colision Ice.wav in Resources */,
				D1CABB4424111F2E004A28A5 /* Main.storyboard in Resources */,
				D1CABB3B24111F2E004A28A5 /* GameScene.sks in Resources */,
				D18372FC24210C0700079634 /* Pig Colision Rock.wav in Resources */,
				FB8041D024217C400034B83B /* BalooBhaina-Regular.ttf in Resources */,
				D18372FB24210C0700079634 /* Swipe(2).wav in Resources */,
				D18372FD24210C0700079634 /* Box Colision Rock.wav in Resources */,
				D18372FA24210C0700079634 /* Box Colision Ice.wav in Resources */,
				D18372F824210C0700079634 /* Swipe(3).wav in Resources */,
				D1CABB4624111F32004A28A5 /* Assets.xcassets in Resources */,
				D18372F224210C0700079634 /* Pig Colision Dirt.wav in Resources */,
				FBACE77C2421A52E0007B24B /* GoogleService-Info.plist in Resources */,
				D18372EF24210C0700079634 /* Pig Oink(3).wav in Resources */,
				D18372EE24210C0700079634 /* Stack Up Box.wav in Resources */,
				D1472B68241A732C005FBB07 /* InitialScreen.storyboard in Resources */,
				D18372ED24210C0700079634 /* Swipe.wav in Resources */,
				D1CABB4924111F32004A28A5 /* LaunchScreen.storyboard in Resources */,
				D18372F624210C0700079634 /* Pig Oink(2).wav in Resources */,
				D18372EC24210C0700079634 /* Stack Up Box(3).wav in Resources */,
				D18372F324210C0700079634 /* Water Splash(2).wav in Resources */,
				D18372F724210C0700079634 /* Box Colision Dirt.wav in Resources */,
				D18372F924210C0700079634 /* Pig Oink.wav in Resources */,
				D18372F024210C0700079634 /* Stack Up Box(2).wav in Resources */,
				D18372F424210C0700079634 /* Water Splash.wav in Resources */,
			);
			runOnlyForDeploymentPostprocessing = 0;
		};
		D1CABB4D24111F32004A28A5 /* Resources */ = {
			isa = PBXResourcesBuildPhase;
			buildActionMask = 2147483647;
			files = (
				FB8041D124217C400034B83B /* BalooBhaina-Regular.ttf in Resources */,
				FBACE77D2421A52F0007B24B /* GoogleService-Info.plist in Resources */,
			);
			runOnlyForDeploymentPostprocessing = 0;
		};
		D1CABB5824111F32004A28A5 /* Resources */ = {
			isa = PBXResourcesBuildPhase;
			buildActionMask = 2147483647;
			files = (
				FB8041D224217C400034B83B /* BalooBhaina-Regular.ttf in Resources */,
				FBACE77E2421A52F0007B24B /* GoogleService-Info.plist in Resources */,
			);
			runOnlyForDeploymentPostprocessing = 0;
		};
/* End PBXResourcesBuildPhase section */

/* Begin PBXShellScriptBuildPhase section */
		0E54333826807EA304F12A68 /* [CP] Check Pods Manifest.lock */ = {
			isa = PBXShellScriptBuildPhase;
			buildActionMask = 2147483647;
			files = (
			);
			inputFileListPaths = (
			);
			inputPaths = (
				"${PODS_PODFILE_DIR_PATH}/Podfile.lock",
				"${PODS_ROOT}/Manifest.lock",
			);
			name = "[CP] Check Pods Manifest.lock";
			outputFileListPaths = (
			);
			outputPaths = (
				"$(DERIVED_FILE_DIR)/Pods-QuartoNanoChallengeTests-checkManifestLockResult.txt",
			);
			runOnlyForDeploymentPostprocessing = 0;
			shellPath = /bin/sh;
			shellScript = "diff \"${PODS_PODFILE_DIR_PATH}/Podfile.lock\" \"${PODS_ROOT}/Manifest.lock\" > /dev/null\nif [ $? != 0 ] ; then\n    # print error to STDERR\n    echo \"error: The sandbox is not in sync with the Podfile.lock. Run 'pod install' or update your CocoaPods installation.\" >&2\n    exit 1\nfi\n# This output is used by Xcode 'outputs' to avoid re-running this script phase.\necho \"SUCCESS\" > \"${SCRIPT_OUTPUT_FILE_0}\"\n";
			showEnvVarsInLog = 0;
		};
		26B0FBC9AB310DF2E5F5E525 /* [CP] Embed Pods Frameworks */ = {
			isa = PBXShellScriptBuildPhase;
			buildActionMask = 2147483647;
			files = (
			);
			inputFileListPaths = (
				"${PODS_ROOT}/Target Support Files/Pods-QuartoNanoChallenge/Pods-QuartoNanoChallenge-frameworks-${CONFIGURATION}-input-files.xcfilelist",
			);
			name = "[CP] Embed Pods Frameworks";
			outputFileListPaths = (
				"${PODS_ROOT}/Target Support Files/Pods-QuartoNanoChallenge/Pods-QuartoNanoChallenge-frameworks-${CONFIGURATION}-output-files.xcfilelist",
			);
			runOnlyForDeploymentPostprocessing = 0;
			shellPath = /bin/sh;
			shellScript = "\"${PODS_ROOT}/Target Support Files/Pods-QuartoNanoChallenge/Pods-QuartoNanoChallenge-frameworks.sh\"\n";
			showEnvVarsInLog = 0;
		};
		56ADF2CFFFEB1035914F83F9 /* [CP] Check Pods Manifest.lock */ = {
			isa = PBXShellScriptBuildPhase;
			buildActionMask = 2147483647;
			files = (
			);
			inputFileListPaths = (
			);
			inputPaths = (
				"${PODS_PODFILE_DIR_PATH}/Podfile.lock",
				"${PODS_ROOT}/Manifest.lock",
			);
			name = "[CP] Check Pods Manifest.lock";
			outputFileListPaths = (
			);
			outputPaths = (
				"$(DERIVED_FILE_DIR)/Pods-QuartoNanoChallenge-QuartoNanoChallengeUITests-checkManifestLockResult.txt",
			);
			runOnlyForDeploymentPostprocessing = 0;
			shellPath = /bin/sh;
			shellScript = "diff \"${PODS_PODFILE_DIR_PATH}/Podfile.lock\" \"${PODS_ROOT}/Manifest.lock\" > /dev/null\nif [ $? != 0 ] ; then\n    # print error to STDERR\n    echo \"error: The sandbox is not in sync with the Podfile.lock. Run 'pod install' or update your CocoaPods installation.\" >&2\n    exit 1\nfi\n# This output is used by Xcode 'outputs' to avoid re-running this script phase.\necho \"SUCCESS\" > \"${SCRIPT_OUTPUT_FILE_0}\"\n";
			showEnvVarsInLog = 0;
		};
		59DE6965513B7FBAAA423BE8 /* [CP] Embed Pods Frameworks */ = {
			isa = PBXShellScriptBuildPhase;
			buildActionMask = 2147483647;
			files = (
			);
			inputFileListPaths = (
				"${PODS_ROOT}/Target Support Files/Pods-QuartoNanoChallenge-QuartoNanoChallengeUITests/Pods-QuartoNanoChallenge-QuartoNanoChallengeUITests-frameworks-${CONFIGURATION}-input-files.xcfilelist",
			);
			name = "[CP] Embed Pods Frameworks";
			outputFileListPaths = (
				"${PODS_ROOT}/Target Support Files/Pods-QuartoNanoChallenge-QuartoNanoChallengeUITests/Pods-QuartoNanoChallenge-QuartoNanoChallengeUITests-frameworks-${CONFIGURATION}-output-files.xcfilelist",
			);
			runOnlyForDeploymentPostprocessing = 0;
			shellPath = /bin/sh;
			shellScript = "\"${PODS_ROOT}/Target Support Files/Pods-QuartoNanoChallenge-QuartoNanoChallengeUITests/Pods-QuartoNanoChallenge-QuartoNanoChallengeUITests-frameworks.sh\"\n";
			showEnvVarsInLog = 0;
		};
		ACD2B20B04D3F4FEC75F5BA4 /* [CP] Check Pods Manifest.lock */ = {
			isa = PBXShellScriptBuildPhase;
			buildActionMask = 2147483647;
			files = (
			);
			inputFileListPaths = (
			);
			inputPaths = (
				"${PODS_PODFILE_DIR_PATH}/Podfile.lock",
				"${PODS_ROOT}/Manifest.lock",
			);
			name = "[CP] Check Pods Manifest.lock";
			outputFileListPaths = (
			);
			outputPaths = (
				"$(DERIVED_FILE_DIR)/Pods-QuartoNanoChallenge-checkManifestLockResult.txt",
			);
			runOnlyForDeploymentPostprocessing = 0;
			shellPath = /bin/sh;
			shellScript = "diff \"${PODS_PODFILE_DIR_PATH}/Podfile.lock\" \"${PODS_ROOT}/Manifest.lock\" > /dev/null\nif [ $? != 0 ] ; then\n    # print error to STDERR\n    echo \"error: The sandbox is not in sync with the Podfile.lock. Run 'pod install' or update your CocoaPods installation.\" >&2\n    exit 1\nfi\n# This output is used by Xcode 'outputs' to avoid re-running this script phase.\necho \"SUCCESS\" > \"${SCRIPT_OUTPUT_FILE_0}\"\n";
			showEnvVarsInLog = 0;
		};
/* End PBXShellScriptBuildPhase section */

/* Begin PBXSourcesBuildPhase section */
		D1CABB3124111F2E004A28A5 /* Sources */ = {
			isa = PBXSourcesBuildPhase;
			buildActionMask = 2147483647;
			files = (
				D1407E1724166814009AD490 /* GameObject.swift in Sources */,
				D1CABB782411243A004A28A5 /* Floor.swift in Sources */,
				D1CABB7C241125F9004A28A5 /* SpawningFloors.swift in Sources */,
				D1CABB3F24111F2E004A28A5 /* GameScene.swift in Sources */,
				D1472B6E241A7369005FBB07 /* GameOverViewController.swift in Sources */,
				D1CABB72241120C3004A28A5 /* BodyMasks.swift in Sources */,
				D1B2841A241BC95D00EAFF05 /* CustomSound.swift in Sources */,
				D1CABB4124111F2E004A28A5 /* GameViewController.swift in Sources */,
				FBACE7822421C2780007B24B /* GameCenterManager.swift in Sources */,
				D1CABB762411233F004A28A5 /* Box.swift in Sources */,
				D1472B6C241A735E005FBB07 /* InitialScreenViewController.swift in Sources */,
				D1CABB3924111F2E004A28A5 /* AppDelegate.swift in Sources */,
				D1472B66241A5529005FBB07 /* Water.swift in Sources */,
				D1407E15241667F9009AD490 /* Coins.swift in Sources */,
				D1407E192417B6D3009AD490 /* CamControl.swift in Sources */,
				D1CABB7024112004004A28A5 /* Model.swift in Sources */,
			);
			runOnlyForDeploymentPostprocessing = 0;
		};
		D1CABB4B24111F32004A28A5 /* Sources */ = {
			isa = PBXSourcesBuildPhase;
			buildActionMask = 2147483647;
			files = (
				D1CABB5424111F32004A28A5 /* QuartoNanoChallengeTests.swift in Sources */,
			);
			runOnlyForDeploymentPostprocessing = 0;
		};
		D1CABB5624111F32004A28A5 /* Sources */ = {
			isa = PBXSourcesBuildPhase;
			buildActionMask = 2147483647;
			files = (
				D1CABB5F24111F32004A28A5 /* QuartoNanoChallengeUITests.swift in Sources */,
			);
			runOnlyForDeploymentPostprocessing = 0;
		};
/* End PBXSourcesBuildPhase section */

/* Begin PBXTargetDependency section */
		D1CABB5124111F32004A28A5 /* PBXTargetDependency */ = {
			isa = PBXTargetDependency;
			target = D1CABB3424111F2E004A28A5 /* QuartoNanoChallenge */;
			targetProxy = D1CABB5024111F32004A28A5 /* PBXContainerItemProxy */;
		};
		D1CABB5C24111F32004A28A5 /* PBXTargetDependency */ = {
			isa = PBXTargetDependency;
			target = D1CABB3424111F2E004A28A5 /* QuartoNanoChallenge */;
			targetProxy = D1CABB5B24111F32004A28A5 /* PBXContainerItemProxy */;
		};
/* End PBXTargetDependency section */

/* Begin PBXVariantGroup section */
		D1CABB4224111F2E004A28A5 /* Main.storyboard */ = {
			isa = PBXVariantGroup;
			children = (
				D1CABB4324111F2E004A28A5 /* Base */,
			);
			name = Main.storyboard;
			sourceTree = "<group>";
		};
		D1CABB4724111F32004A28A5 /* LaunchScreen.storyboard */ = {
			isa = PBXVariantGroup;
			children = (
				D1CABB4824111F32004A28A5 /* Base */,
			);
			name = LaunchScreen.storyboard;
			sourceTree = "<group>";
		};
/* End PBXVariantGroup section */

/* Begin XCBuildConfiguration section */
		D1CABB6124111F32004A28A5 /* Debug */ = {
			isa = XCBuildConfiguration;
			buildSettings = {
				ALWAYS_SEARCH_USER_PATHS = NO;
				CLANG_ANALYZER_NONNULL = YES;
				CLANG_ANALYZER_NUMBER_OBJECT_CONVERSION = YES_AGGRESSIVE;
				CLANG_CXX_LANGUAGE_STANDARD = "gnu++14";
				CLANG_CXX_LIBRARY = "libc++";
				CLANG_ENABLE_MODULES = YES;
				CLANG_ENABLE_OBJC_ARC = YES;
				CLANG_ENABLE_OBJC_WEAK = YES;
				CLANG_WARN_BLOCK_CAPTURE_AUTORELEASING = YES;
				CLANG_WARN_BOOL_CONVERSION = YES;
				CLANG_WARN_COMMA = YES;
				CLANG_WARN_CONSTANT_CONVERSION = YES;
				CLANG_WARN_DEPRECATED_OBJC_IMPLEMENTATIONS = YES;
				CLANG_WARN_DIRECT_OBJC_ISA_USAGE = YES_ERROR;
				CLANG_WARN_DOCUMENTATION_COMMENTS = YES;
				CLANG_WARN_EMPTY_BODY = YES;
				CLANG_WARN_ENUM_CONVERSION = YES;
				CLANG_WARN_INFINITE_RECURSION = YES;
				CLANG_WARN_INT_CONVERSION = YES;
				CLANG_WARN_NON_LITERAL_NULL_CONVERSION = YES;
				CLANG_WARN_OBJC_IMPLICIT_RETAIN_SELF = YES;
				CLANG_WARN_OBJC_LITERAL_CONVERSION = YES;
				CLANG_WARN_OBJC_ROOT_CLASS = YES_ERROR;
				CLANG_WARN_RANGE_LOOP_ANALYSIS = YES;
				CLANG_WARN_STRICT_PROTOTYPES = YES;
				CLANG_WARN_SUSPICIOUS_MOVE = YES;
				CLANG_WARN_UNGUARDED_AVAILABILITY = YES_AGGRESSIVE;
				CLANG_WARN_UNREACHABLE_CODE = YES;
				CLANG_WARN__DUPLICATE_METHOD_MATCH = YES;
				COPY_PHASE_STRIP = NO;
				DEBUG_INFORMATION_FORMAT = dwarf;
				ENABLE_STRICT_OBJC_MSGSEND = YES;
				ENABLE_TESTABILITY = YES;
				GCC_C_LANGUAGE_STANDARD = gnu11;
				GCC_DYNAMIC_NO_PIC = NO;
				GCC_NO_COMMON_BLOCKS = YES;
				GCC_OPTIMIZATION_LEVEL = 0;
				GCC_PREPROCESSOR_DEFINITIONS = (
					"DEBUG=1",
					"$(inherited)",
				);
				GCC_WARN_64_TO_32_BIT_CONVERSION = YES;
				GCC_WARN_ABOUT_RETURN_TYPE = YES_ERROR;
				GCC_WARN_UNDECLARED_SELECTOR = YES;
				GCC_WARN_UNINITIALIZED_AUTOS = YES_AGGRESSIVE;
				GCC_WARN_UNUSED_FUNCTION = YES;
				GCC_WARN_UNUSED_VARIABLE = YES;
				IPHONEOS_DEPLOYMENT_TARGET = 10.0;
				MTL_ENABLE_DEBUG_INFO = INCLUDE_SOURCE;
				MTL_FAST_MATH = YES;
				ONLY_ACTIVE_ARCH = YES;
				SDKROOT = iphoneos;
				SWIFT_ACTIVE_COMPILATION_CONDITIONS = DEBUG;
				SWIFT_OPTIMIZATION_LEVEL = "-Onone";
			};
			name = Debug;
		};
		D1CABB6224111F32004A28A5 /* Release */ = {
			isa = XCBuildConfiguration;
			buildSettings = {
				ALWAYS_SEARCH_USER_PATHS = NO;
				CLANG_ANALYZER_NONNULL = YES;
				CLANG_ANALYZER_NUMBER_OBJECT_CONVERSION = YES_AGGRESSIVE;
				CLANG_CXX_LANGUAGE_STANDARD = "gnu++14";
				CLANG_CXX_LIBRARY = "libc++";
				CLANG_ENABLE_MODULES = YES;
				CLANG_ENABLE_OBJC_ARC = YES;
				CLANG_ENABLE_OBJC_WEAK = YES;
				CLANG_WARN_BLOCK_CAPTURE_AUTORELEASING = YES;
				CLANG_WARN_BOOL_CONVERSION = YES;
				CLANG_WARN_COMMA = YES;
				CLANG_WARN_CONSTANT_CONVERSION = YES;
				CLANG_WARN_DEPRECATED_OBJC_IMPLEMENTATIONS = YES;
				CLANG_WARN_DIRECT_OBJC_ISA_USAGE = YES_ERROR;
				CLANG_WARN_DOCUMENTATION_COMMENTS = YES;
				CLANG_WARN_EMPTY_BODY = YES;
				CLANG_WARN_ENUM_CONVERSION = YES;
				CLANG_WARN_INFINITE_RECURSION = YES;
				CLANG_WARN_INT_CONVERSION = YES;
				CLANG_WARN_NON_LITERAL_NULL_CONVERSION = YES;
				CLANG_WARN_OBJC_IMPLICIT_RETAIN_SELF = YES;
				CLANG_WARN_OBJC_LITERAL_CONVERSION = YES;
				CLANG_WARN_OBJC_ROOT_CLASS = YES_ERROR;
				CLANG_WARN_RANGE_LOOP_ANALYSIS = YES;
				CLANG_WARN_STRICT_PROTOTYPES = YES;
				CLANG_WARN_SUSPICIOUS_MOVE = YES;
				CLANG_WARN_UNGUARDED_AVAILABILITY = YES_AGGRESSIVE;
				CLANG_WARN_UNREACHABLE_CODE = YES;
				CLANG_WARN__DUPLICATE_METHOD_MATCH = YES;
				COPY_PHASE_STRIP = NO;
				DEBUG_INFORMATION_FORMAT = "dwarf-with-dsym";
				ENABLE_NS_ASSERTIONS = NO;
				ENABLE_STRICT_OBJC_MSGSEND = YES;
				GCC_C_LANGUAGE_STANDARD = gnu11;
				GCC_NO_COMMON_BLOCKS = YES;
				GCC_WARN_64_TO_32_BIT_CONVERSION = YES;
				GCC_WARN_ABOUT_RETURN_TYPE = YES_ERROR;
				GCC_WARN_UNDECLARED_SELECTOR = YES;
				GCC_WARN_UNINITIALIZED_AUTOS = YES_AGGRESSIVE;
				GCC_WARN_UNUSED_FUNCTION = YES;
				GCC_WARN_UNUSED_VARIABLE = YES;
				IPHONEOS_DEPLOYMENT_TARGET = 10.0;
				MTL_ENABLE_DEBUG_INFO = NO;
				MTL_FAST_MATH = YES;
				SDKROOT = iphoneos;
				SWIFT_COMPILATION_MODE = wholemodule;
				SWIFT_OPTIMIZATION_LEVEL = "-O";
				VALIDATE_PRODUCT = YES;
			};
			name = Release;
		};
		D1CABB6424111F32004A28A5 /* Debug */ = {
			isa = XCBuildConfiguration;
			baseConfigurationReference = F3B91D639A23CA3F31C617BC /* Pods-QuartoNanoChallenge.debug.xcconfig */;
			buildSettings = {
				ASSETCATALOG_COMPILER_APPICON_NAME = AppIcon;
				CODE_SIGN_STYLE = Automatic;
				DEVELOPMENT_TEAM = CM34PRAQJX;
				INFOPLIST_FILE = QuartoNanoChallenge/Info.plist;
				LD_RUNPATH_SEARCH_PATHS = (
					"$(inherited)",
					"@executable_path/Frameworks",
				);
				PRODUCT_BUNDLE_IDENTIFIER = br.com.carlosmodinez;
				PRODUCT_NAME = "Topple Towers";
				SWIFT_VERSION = 5.0;
				TARGETED_DEVICE_FAMILY = 1;
			};
			name = Debug;
		};
		D1CABB6524111F32004A28A5 /* Release */ = {
			isa = XCBuildConfiguration;
			baseConfigurationReference = F2375ECD9F5D3F9A57184AA4 /* Pods-QuartoNanoChallenge.release.xcconfig */;
			buildSettings = {
				ASSETCATALOG_COMPILER_APPICON_NAME = AppIcon;
				CODE_SIGN_STYLE = Automatic;
				DEVELOPMENT_TEAM = CM34PRAQJX;
				INFOPLIST_FILE = QuartoNanoChallenge/Info.plist;
				LD_RUNPATH_SEARCH_PATHS = (
					"$(inherited)",
					"@executable_path/Frameworks",
				);
				PRODUCT_BUNDLE_IDENTIFIER = br.com.carlosmodinez;
				PRODUCT_NAME = "Topple Towers";
				SWIFT_VERSION = 5.0;
				TARGETED_DEVICE_FAMILY = 1;
			};
			name = Release;
		};
		D1CABB6724111F32004A28A5 /* Debug */ = {
			isa = XCBuildConfiguration;
			baseConfigurationReference = 01613BB24938E4421A548D5E /* Pods-QuartoNanoChallengeTests.debug.xcconfig */;
			buildSettings = {
				ALWAYS_EMBED_SWIFT_STANDARD_LIBRARIES = YES;
				BUNDLE_LOADER = "$(TEST_HOST)";
				CODE_SIGN_STYLE = Automatic;
				DEVELOPMENT_TEAM = CM34PRAQJX;
				INFOPLIST_FILE = QuartoNanoChallengeTests/Info.plist;
				IPHONEOS_DEPLOYMENT_TARGET = 13.2;
				LD_RUNPATH_SEARCH_PATHS = (
					"$(inherited)",
					"@executable_path/Frameworks",
					"@loader_path/Frameworks",
				);
				PRODUCT_BUNDLE_IDENTIFIER = com.carlosmodinez.QuartoNanoChallengeTests;
				PRODUCT_NAME = "$(TARGET_NAME)";
				SWIFT_VERSION = 5.0;
				TARGETED_DEVICE_FAMILY = "1,2";
				TEST_HOST = "$(BUILT_PRODUCTS_DIR)/QuartoNanoChallenge.app/QuartoNanoChallenge";
			};
			name = Debug;
		};
		D1CABB6824111F32004A28A5 /* Release */ = {
			isa = XCBuildConfiguration;
			baseConfigurationReference = 16CA36B93D1C517DD9DFA28F /* Pods-QuartoNanoChallengeTests.release.xcconfig */;
			buildSettings = {
				ALWAYS_EMBED_SWIFT_STANDARD_LIBRARIES = YES;
				BUNDLE_LOADER = "$(TEST_HOST)";
				CODE_SIGN_STYLE = Automatic;
				DEVELOPMENT_TEAM = CM34PRAQJX;
				INFOPLIST_FILE = QuartoNanoChallengeTests/Info.plist;
				IPHONEOS_DEPLOYMENT_TARGET = 13.2;
				LD_RUNPATH_SEARCH_PATHS = (
					"$(inherited)",
					"@executable_path/Frameworks",
					"@loader_path/Frameworks",
				);
				PRODUCT_BUNDLE_IDENTIFIER = com.carlosmodinez.QuartoNanoChallengeTests;
				PRODUCT_NAME = "$(TARGET_NAME)";
				SWIFT_VERSION = 5.0;
				TARGETED_DEVICE_FAMILY = "1,2";
				TEST_HOST = "$(BUILT_PRODUCTS_DIR)/QuartoNanoChallenge.app/QuartoNanoChallenge";
			};
			name = Release;
		};
		D1CABB6A24111F32004A28A5 /* Debug */ = {
			isa = XCBuildConfiguration;
			baseConfigurationReference = 0D764DDF7102CF5D83F493E0 /* Pods-QuartoNanoChallenge-QuartoNanoChallengeUITests.debug.xcconfig */;
			buildSettings = {
				ALWAYS_EMBED_SWIFT_STANDARD_LIBRARIES = YES;
				CODE_SIGN_STYLE = Automatic;
				DEVELOPMENT_TEAM = CM34PRAQJX;
				INFOPLIST_FILE = QuartoNanoChallengeUITests/Info.plist;
				LD_RUNPATH_SEARCH_PATHS = (
					"$(inherited)",
					"@executable_path/Frameworks",
					"@loader_path/Frameworks",
				);
				PRODUCT_BUNDLE_IDENTIFIER = com.carlosmodinez.QuartoNanoChallengeUITests;
				PRODUCT_NAME = "$(TARGET_NAME)";
				SWIFT_VERSION = 5.0;
				TARGETED_DEVICE_FAMILY = "1,2";
				TEST_TARGET_NAME = QuartoNanoChallenge;
			};
			name = Debug;
		};
		D1CABB6B24111F32004A28A5 /* Release */ = {
			isa = XCBuildConfiguration;
			baseConfigurationReference = 7189858464AB8F5AA11C6D7B /* Pods-QuartoNanoChallenge-QuartoNanoChallengeUITests.release.xcconfig */;
			buildSettings = {
				ALWAYS_EMBED_SWIFT_STANDARD_LIBRARIES = YES;
				CODE_SIGN_STYLE = Automatic;
				DEVELOPMENT_TEAM = CM34PRAQJX;
				INFOPLIST_FILE = QuartoNanoChallengeUITests/Info.plist;
				LD_RUNPATH_SEARCH_PATHS = (
					"$(inherited)",
					"@executable_path/Frameworks",
					"@loader_path/Frameworks",
				);
				PRODUCT_BUNDLE_IDENTIFIER = com.carlosmodinez.QuartoNanoChallengeUITests;
				PRODUCT_NAME = "$(TARGET_NAME)";
				SWIFT_VERSION = 5.0;
				TARGETED_DEVICE_FAMILY = "1,2";
				TEST_TARGET_NAME = QuartoNanoChallenge;
			};
			name = Release;
		};
/* End XCBuildConfiguration section */

/* Begin XCConfigurationList section */
		D1CABB3024111F2E004A28A5 /* Build configuration list for PBXProject "QuartoNanoChallenge" */ = {
			isa = XCConfigurationList;
			buildConfigurations = (
				D1CABB6124111F32004A28A5 /* Debug */,
				D1CABB6224111F32004A28A5 /* Release */,
			);
			defaultConfigurationIsVisible = 0;
			defaultConfigurationName = Release;
		};
		D1CABB6324111F32004A28A5 /* Build configuration list for PBXNativeTarget "QuartoNanoChallenge" */ = {
			isa = XCConfigurationList;
			buildConfigurations = (
				D1CABB6424111F32004A28A5 /* Debug */,
				D1CABB6524111F32004A28A5 /* Release */,
			);
			defaultConfigurationIsVisible = 0;
			defaultConfigurationName = Release;
		};
		D1CABB6624111F32004A28A5 /* Build configuration list for PBXNativeTarget "QuartoNanoChallengeTests" */ = {
			isa = XCConfigurationList;
			buildConfigurations = (
				D1CABB6724111F32004A28A5 /* Debug */,
				D1CABB6824111F32004A28A5 /* Release */,
			);
			defaultConfigurationIsVisible = 0;
			defaultConfigurationName = Release;
		};
		D1CABB6924111F32004A28A5 /* Build configuration list for PBXNativeTarget "QuartoNanoChallengeUITests" */ = {
			isa = XCConfigurationList;
			buildConfigurations = (
				D1CABB6A24111F32004A28A5 /* Debug */,
				D1CABB6B24111F32004A28A5 /* Release */,
			);
			defaultConfigurationIsVisible = 0;
			defaultConfigurationName = Release;
		};
/* End XCConfigurationList section */
	};
	rootObject = D1CABB2D24111F2E004A28A5 /* Project object */;
}
